
Microsoft Visual Studio Solution File, Format Version 12.00
# Visual Studio 2015
Project("{FAE04EC0-301F-11D3-BF4B-00C04F79EFBC}") = "DharmaX.CSharp", "DharmaX.CSharp.csproj", "{409404CA-4661-CE63-F39F-05B15DB2C986}"
EndProject
Project("{FAE04EC0-301F-11D3-BF4B-00C04F79EFBC}") = "DharmaX.CSharp.Editor", "DharmaX.CSharp.Editor.csproj", "{E28D30AB-8AB1-A46D-1565-15981BDC3146}"
EndProject
Global
	GlobalSection(SolutionConfigurationPlatforms) = preSolution
		Debug|Any CPU = Debug|Any CPU
		Release|Any CPU = Release|Any CPU
	EndGlobalSection
	GlobalSection(ProjectConfigurationPlatforms) = postSolution
		{409404CA-4661-CE63-F39F-05B15DB2C986}.Debug|Any CPU.ActiveCfg = Debug|Any CPU
		{409404CA-4661-CE63-F39F-05B15DB2C986}.Debug|Any CPU.Build.0 = Debug|Any CPU
		{409404CA-4661-CE63-F39F-05B15DB2C986}.Release|Any CPU.ActiveCfg = Release|Any CPU
		{409404CA-4661-CE63-F39F-05B15DB2C986}.Release|Any CPU.Build.0 = Release|Any CPU
		{E28D30AB-8AB1-A46D-1565-15981BDC3146}.Debug|Any CPU.ActiveCfg = Debug|Any CPU
		{E28D30AB-8AB1-A46D-1565-15981BDC3146}.Debug|Any CPU.Build.0 = Debug|Any CPU
		{E28D30AB-8AB1-A46D-1565-15981BDC3146}.Release|Any CPU.ActiveCfg = Release|Any CPU
		{E28D30AB-8AB1-A46D-1565-15981BDC3146}.Release|Any CPU.Build.0 = Release|Any CPU
	EndGlobalSection
	GlobalSection(SolutionProperties) = preSolution
		HideSolutionNode = FALSE
	EndGlobalSection
EndGlobal
